// !$*UTF8*$!
{
	archiveVersion = 1;
	classes = {
	};
	objectVersion = 50;
	objects = {

/* Begin PBXBuildFile section */
		698E64092489E24C00A76C4A /* main.cpp in Sources */ = {isa = PBXBuildFile; fileRef = 698E64082489E24C00A76C4A /* main.cpp */; };
		698E64102489E25900A76C4A /* glad.c in Sources */ = {isa = PBXBuildFile; fileRef = 698E640F2489E25900A76C4A /* glad.c */; };
		698E64142489E28000A76C4A /* libglfw.3.3.dylib in Frameworks */ = {isa = PBXBuildFile; fileRef = 698E64122489E28000A76C4A /* libglfw.3.3.dylib */; };
		698E64152489E28000A76C4A /* libglfw.3.3.dylib in Embed Libraries */ = {isa = PBXBuildFile; fileRef = 698E64122489E28000A76C4A /* libglfw.3.3.dylib */; settings = {ATTRIBUTES = (CodeSignOnCopy, ); }; };
		698E64162489E28000A76C4A /* libGLEW.2.1.0.dylib in Frameworks */ = {isa = PBXBuildFile; fileRef = 698E64132489E28000A76C4A /* libGLEW.2.1.0.dylib */; };
		698E64172489E28000A76C4A /* libGLEW.2.1.0.dylib in Embed Libraries */ = {isa = PBXBuildFile; fileRef = 698E64132489E28000A76C4A /* libGLEW.2.1.0.dylib */; settings = {ATTRIBUTES = (CodeSignOnCopy, ); }; };
		698E641A2489E28900A76C4A /* OpenGL.framework in Frameworks */ = {isa = PBXBuildFile; fileRef = 698E64192489E28900A76C4A /* OpenGL.framework */; };
		698E641F248A1A9200A76C4A /* Shader.cpp in Sources */ = {isa = PBXBuildFile; fileRef = 698E641D248A1A9200A76C4A /* Shader.cpp */; };
/* End PBXBuildFile section */

/* Begin PBXCopyFilesBuildPhase section */
		698E64032489E24C00A76C4A /* CopyFiles */ = {
			isa = PBXCopyFilesBuildPhase;
			buildActionMask = 2147483647;
			dstPath = /usr/share/man/man1/;
			dstSubfolderSpec = 0;
			files = (
			);
			runOnlyForDeploymentPostprocessing = 1;
		};
		698E64182489E28000A76C4A /* Embed Libraries */ = {
			isa = PBXCopyFilesBuildPhase;
			buildActionMask = 2147483647;
			dstPath = "";
			dstSubfolderSpec = 10;
			files = (
				698E64172489E28000A76C4A /* libGLEW.2.1.0.dylib in Embed Libraries */,
				698E64152489E28000A76C4A /* libglfw.3.3.dylib in Embed Libraries */,
			);
			name = "Embed Libraries";
			runOnlyForDeploymentPostprocessing = 0;
		};
/* End PBXCopyFilesBuildPhase section */

/* Begin PBXFileReference section */
		698E64052489E24C00A76C4A /* Shaders */ = {isa = PBXFileReference; explicitFileType = "compiled.mach-o.executable"; includeInIndex = 0; path = Shaders; sourceTree = BUILT_PRODUCTS_DIR; };
		698E64082489E24C00A76C4A /* main.cpp */ = {isa = PBXFileReference; lastKnownFileType = sourcecode.cpp.cpp; path = main.cpp; sourceTree = "<group>"; };
		698E640F2489E25900A76C4A /* glad.c */ = {isa = PBXFileReference; fileEncoding = 4; lastKnownFileType = sourcecode.c.c; name = glad.c; path = ../../../../../../../Downloads/glad/src/glad.c; sourceTree = "<group>"; };
		698E64122489E28000A76C4A /* libglfw.3.3.dylib */ = {isa = PBXFileReference; lastKnownFileType = "compiled.mach-o.dylib"; name = libglfw.3.3.dylib; path = ../../../../../../../../usr/local/Cellar/glfw/3.3.2/lib/libglfw.3.3.dylib; sourceTree = "<group>"; };
		698E64132489E28000A76C4A /* libGLEW.2.1.0.dylib */ = {isa = PBXFileReference; lastKnownFileType = "compiled.mach-o.dylib"; name = libGLEW.2.1.0.dylib; path = ../../../../../../../../usr/local/Cellar/glew/2.1.0_1/lib/libGLEW.2.1.0.dylib; sourceTree = "<group>"; };
		698E64192489E28900A76C4A /* OpenGL.framework */ = {isa = PBXFileReference; lastKnownFileType = wrapper.framework; name = OpenGL.framework; path = System/Library/Frameworks/OpenGL.framework; sourceTree = SDKROOT; };
		698E641B2489F58D00A76C4A /* shader.vs */ = {isa = PBXFileReference; lastKnownFileType = sourcecode.glsl; name = shader.vs; path = "../../2.Draw a triangle/Draw a triangle/shader.vs"; sourceTree = "<group>"; };
		698E641C2489F58D00A76C4A /* shader.fs */ = {isa = PBXFileReference; lastKnownFileType = sourcecode.glsl; name = shader.fs; path = "../../2.Draw a triangle/Draw a triangle/shader.fs"; sourceTree = "<group>"; };
		698E641D248A1A9200A76C4A /* Shader.cpp */ = {isa = PBXFileReference; lastKnownFileType = sourcecode.cpp.cpp; path = Shader.cpp; sourceTree = "<group>"; };
		698E641E248A1A9200A76C4A /* Shader.hpp */ = {isa = PBXFileReference; lastKnownFileType = sourcecode.cpp.h; path = Shader.hpp; sourceTree = "<group>"; };
/* End PBXFileReference section */

/* Begin PBXFrameworksBuildPhase section */
		698E64022489E24C00A76C4A /* Frameworks */ = {
			isa = PBXFrameworksBuildPhase;
			buildActionMask = 2147483647;
			files = (
				698E64162489E28000A76C4A /* libGLEW.2.1.0.dylib in Frameworks */,
				698E64142489E28000A76C4A /* libglfw.3.3.dylib in Frameworks */,
				698E641A2489E28900A76C4A /* OpenGL.framework in Frameworks */,
			);
			runOnlyForDeploymentPostprocessing = 0;
		};
/* End PBXFrameworksBuildPhase section */

/* Begin PBXGroup section */
		698E63FC2489E24C00A76C4A = {
			isa = PBXGroup;
			children = (
				698E64072489E24C00A76C4A /* Shaders */,
				698E64062489E24C00A76C4A /* Products */,
				698E64112489E28000A76C4A /* Frameworks */,
			);
			sourceTree = "<group>";
		};
		698E64062489E24C00A76C4A /* Products */ = {
			isa = PBXGroup;
			children = (
				698E64052489E24C00A76C4A /* Shaders */,
			);
			name = Products;
			sourceTree = "<group>";
		};
		698E64072489E24C00A76C4A /* Shaders */ = {
			isa = PBXGroup;
			children = (
				698E640F2489E25900A76C4A /* glad.c */,
				698E64082489E24C00A76C4A /* main.cpp */,
				698E641D248A1A9200A76C4A /* Shader.cpp */,
				698E641E248A1A9200A76C4A /* Shader.hpp */,
				698E641C2489F58D00A76C4A /* shader.fs */,
				698E641B2489F58D00A76C4A /* shader.vs */,
			);
			path = Shaders;
			sourceTree = "<group>";
		};
		698E64112489E28000A76C4A /* Frameworks */ = {
			isa = PBXGroup;
			children = (
				698E64192489E28900A76C4A /* OpenGL.framework */,
				698E64132489E28000A76C4A /* libGLEW.2.1.0.dylib */,
				698E64122489E28000A76C4A /* libglfw.3.3.dylib */,
			);
			name = Frameworks;
			sourceTree = "<group>";
		};
/* End PBXGroup section */

/* Begin PBXNativeTarget section */
		698E64042489E24C00A76C4A /* Shaders */ = {
			isa = PBXNativeTarget;
			buildConfigurationList = 698E640C2489E24C00A76C4A /* Build configuration list for PBXNativeTarget "Shaders" */;
			buildPhases = (
				698E64012489E24C00A76C4A /* Sources */,
				698E64022489E24C00A76C4A /* Frameworks */,
				698E64032489E24C00A76C4A /* CopyFiles */,
				698E64182489E28000A76C4A /* Embed Libraries */,
			);
			buildRules = (
			);
			dependencies = (
			);
			name = Shaders;
			productName = Shaders;
			productReference = 698E64052489E24C00A76C4A /* Shaders */;
			productType = "com.apple.product-type.tool";
		};
/* End PBXNativeTarget section */

/* Begin PBXProject section */
		698E63FD2489E24C00A76C4A /* Project object */ = {
			isa = PBXProject;
			attributes = {
				LastUpgradeCheck = 1150;
				ORGANIZATIONNAME = lhj;
				TargetAttributes = {
					698E64042489E24C00A76C4A = {
						CreatedOnToolsVersion = 11.5;
					};
				};
			};
			buildConfigurationList = 698E64002489E24C00A76C4A /* Build configuration list for PBXProject "Shaders" */;
			compatibilityVersion = "Xcode 9.3";
			developmentRegion = en;
			hasScannedForEncodings = 0;
			knownRegions = (
				en,
				Base,
			);
			mainGroup = 698E63FC2489E24C00A76C4A;
			productRefGroup = 698E64062489E24C00A76C4A /* Products */;
			projectDirPath = "";
			projectRoot = "";
			targets = (
				698E64042489E24C00A76C4A /* Shaders */,
			);
		};
/* End PBXProject section */

/* Begin PBXSourcesBuildPhase section */
		698E64012489E24C00A76C4A /* Sources */ = {
			isa = PBXSourcesBuildPhase;
			buildActionMask = 2147483647;
			files = (
				698E64092489E24C00A76C4A /* main.cpp in Sources */,
				698E641F248A1A9200A76C4A /* Shader.cpp in Sources */,
				698E64102489E25900A76C4A /* glad.c in Sources */,
			);
			runOnlyForDeploymentPostprocessing = 0;
		};
/* End PBXSourcesBuildPhase section */

/* Begin XCBuildConfiguration section */
		698E640A2489E24C00A76C4A /* Debug */ = {
			isa = XCBuildConfiguration;
			buildSettings = {
				ALWAYS_SEARCH_USER_PATHS = NO;
				CLANG_ANALYZER_NONNULL = YES;
				CLANG_ANALYZER_NUMBER_OBJECT_CONVERSION = YES_AGGRESSIVE;
				CLANG_CXX_LANGUAGE_STANDARD = "gnu++14";
				CLANG_CXX_LIBRARY = "libc++";
				CLANG_ENABLE_MODULES = YES;
				CLANG_ENABLE_OBJC_ARC = YES;
				CLANG_ENABLE_OBJC_WEAK = YES;
				CLANG_WARN_BLOCK_CAPTURE_AUTORELEASING = YES;
				CLANG_WARN_BOOL_CONVERSION = YES;
				CLANG_WARN_COMMA = YES;
				CLANG_WARN_CONSTANT_CONVERSION = YES;
				CLANG_WARN_DEPRECATED_OBJC_IMPLEMENTATIONS = YES;
				CLANG_WARN_DIRECT_OBJC_ISA_USAGE = YES_ERROR;
				CLANG_WARN_DOCUMENTATION_COMMENTS = YES;
				CLANG_WARN_EMPTY_BODY = YES;
				CLANG_WARN_ENUM_CONVERSION = YES;
				CLANG_WARN_INFINITE_RECURSION = YES;
				CLANG_WARN_INT_CONVERSION = YES;
				CLANG_WARN_NON_LITERAL_NULL_CONVERSION = YES;
				CLANG_WARN_OBJC_IMPLICIT_RETAIN_SELF = YES;
				CLANG_WARN_OBJC_LITERAL_CONVERSION = YES;
				CLANG_WARN_OBJC_ROOT_CLASS = YES_ERROR;
				CLANG_WARN_RANGE_LOOP_ANALYSIS = YES;
				CLANG_WARN_STRICT_PROTOTYPES = YES;
				CLANG_WARN_SUSPICIOUS_MOVE = YES;
				CLANG_WARN_UNGUARDED_AVAILABILITY = YES_AGGRESSIVE;
				CLANG_WARN_UNREACHABLE_CODE = YES;
				CLANG_WARN__DUPLICATE_METHOD_MATCH = YES;
				COPY_PHASE_STRIP = NO;
				DEBUG_INFORMATION_FORMAT = dwarf;
				ENABLE_STRICT_OBJC_MSGSEND = YES;
				ENABLE_TESTABILITY = YES;
				GCC_C_LANGUAGE_STANDARD = gnu11;
				GCC_DYNAMIC_NO_PIC = NO;
				GCC_NO_COMMON_BLOCKS = YES;
				GCC_OPTIMIZATION_LEVEL = 0;
				GCC_PREPROCESSOR_DEFINITIONS = (
					"DEBUG=1",
					"$(inherited)",
				);
				GCC_WARN_64_TO_32_BIT_CONVERSION = YES;
				GCC_WARN_ABOUT_RETURN_TYPE = YES_ERROR;
				GCC_WARN_UNDECLARED_SELECTOR = YES;
				GCC_WARN_UNINITIALIZED_AUTOS = YES_AGGRESSIVE;
				GCC_WARN_UNUSED_FUNCTION = YES;
				GCC_WARN_UNUSED_VARIABLE = YES;
				MACOSX_DEPLOYMENT_TARGET = 10.15;
				MTL_ENABLE_DEBUG_INFO = INCLUDE_SOURCE;
				MTL_FAST_MATH = YES;
				ONLY_ACTIVE_ARCH = YES;
				SDKROOT = macosx;
			};
			name = Debug;
		};
		698E640B2489E24C00A76C4A /* Release */ = {
			isa = XCBuildConfiguration;
			buildSettings = {
				ALWAYS_SEARCH_USER_PATHS = NO;
				CLANG_ANALYZER_NONNULL = YES;
				CLANG_ANALYZER_NUMBER_OBJECT_CONVERSION = YES_AGGRESSIVE;
				CLANG_CXX_LANGUAGE_STANDARD = "gnu++14";
				CLANG_CXX_LIBRARY = "libc++";
				CLANG_ENABLE_MODULES = YES;
				CLANG_ENABLE_OBJC_ARC = YES;
				CLANG_ENABLE_OBJC_WEAK = YES;
				CLANG_WARN_BLOCK_CAPTURE_AUTORELEASING = YES;
				CLANG_WARN_BOOL_CONVERSION = YES;
				CLANG_WARN_COMMA = YES;
				CLANG_WARN_CONSTANT_CONVERSION = YES;
				CLANG_WARN_DEPRECATED_OBJC_IMPLEMENTATIONS = YES;
				CLANG_WARN_DIRECT_OBJC_ISA_USAGE = YES_ERROR;
				CLANG_WARN_DOCUMENTATION_COMMENTS = YES;
				CLANG_WARN_EMPTY_BODY = YES;
				CLANG_WARN_ENUM_CONVERSION = YES;
				CLANG_WARN_INFINITE_RECURSION = YES;
				CLANG_WARN_INT_CONVERSION = YES;
				CLANG_WARN_NON_LITERAL_NULL_CONVERSION = YES;
				CLANG_WARN_OBJC_IMPLICIT_RETAIN_SELF = YES;
				CLANG_WARN_OBJC_LITERAL_CONVERSION = YES;
				CLANG_WARN_OBJC_ROOT_CLASS = YES_ERROR;
				CLANG_WARN_RANGE_LOOP_ANALYSIS = YES;
				CLANG_WARN_STRICT_PROTOTYPES = YES;
				CLANG_WARN_SUSPICIOUS_MOVE = YES;
				CLANG_WARN_UNGUARDED_AVAILABILITY = YES_AGGRESSIVE;
				CLANG_WARN_UNREACHABLE_CODE = YES;
				CLANG_WARN__DUPLICATE_METHOD_MATCH = YES;
				COPY_PHASE_STRIP = NO;
				DEBUG_INFORMATION_FORMAT = "dwarf-with-dsym";
				ENABLE_NS_ASSERTIONS = NO;
				ENABLE_STRICT_OBJC_MSGSEND = YES;
				GCC_C_LANGUAGE_STANDARD = gnu11;
				GCC_NO_COMMON_BLOCKS = YES;
				GCC_WARN_64_TO_32_BIT_CONVERSION = YES;
				GCC_WARN_ABOUT_RETURN_TYPE = YES_ERROR;
				GCC_WARN_UNDECLARED_SELECTOR = YES;
				GCC_WARN_UNINITIALIZED_AUTOS = YES_AGGRESSIVE;
				GCC_WARN_UNUSED_FUNCTION = YES;
				GCC_WARN_UNUSED_VARIABLE = YES;
				MACOSX_DEPLOYMENT_TARGET = 10.15;
				MTL_ENABLE_DEBUG_INFO = NO;
				MTL_FAST_MATH = YES;
				SDKROOT = macosx;
			};
			name = Release;
		};
		698E640D2489E24C00A76C4A /* Debug */ = {
			isa = XCBuildConfiguration;
			buildSettings = {
				CODE_SIGN_STYLE = Automatic;
				DEVELOPMENT_TEAM = NZW5MGH33R;
				ENABLE_HARDENED_RUNTIME = YES;
				HEADER_SEARCH_PATHS = (
					/usr/local/include/GLFW,
					/usr/local/include/KHR,
					/usr/local/include,
					/usr/local/include/glad,
				);
				LIBRARY_SEARCH_PATHS = (
					"$(inherited)",
					/usr/local/Cellar/glfw/3.3.2/lib,
					/usr/local/Cellar/glew/2.1.0_1/lib,
				);
				PRODUCT_NAME = "$(TARGET_NAME)";
			};
			name = Debug;
		};
		698E640E2489E24C00A76C4A /* Release */ = {
			isa = XCBuildConfiguration;
			buildSettings = {
				CODE_SIGN_STYLE = Automatic;
				DEVELOPMENT_TEAM = NZW5MGH33R;
				ENABLE_HARDENED_RUNTIME = YES;
				HEADER_SEARCH_PATHS = (
					/usr/local/include/GLFW,
					/usr/local/include/KHR,
					/usr/local/include,
					/usr/local/include/glad,
				);
				LIBRARY_SEARCH_PATHS = (
					"$(inherited)",
					/usr/local/Cellar/glfw/3.3.2/lib,
					/usr/local/Cellar/glew/2.1.0_1/lib,
				);
				PRODUCT_NAME = "$(TARGET_NAME)";
			};
			name = Release;
		};
/* End XCBuildConfiguration section */

/* Begin XCConfigurationList section */
		698E64002489E24C00A76C4A /* Build configuration list for PBXProject "Shaders" */ = {
			isa = XCConfigurationList;
			buildConfigurations = (
				698E640A2489E24C00A76C4A /* Debug */,
				698E640B2489E24C00A76C4A /* Release */,
			);
			defaultConfigurationIsVisible = 0;
			defaultConfigurationName = Release;
		};
		698E640C2489E24C00A76C4A /* Build configuration list for PBXNativeTarget "Shaders" */ = {
			isa = XCConfigurationList;
			buildConfigurations = (
				698E640D2489E24C00A76C4A /* Debug */,
				698E640E2489E24C00A76C4A /* Release */,
			);
			defaultConfigurationIsVisible = 0;
			defaultConfigurationName = Release;
		};
/* End XCConfigurationList section */
	};
	rootObject = 698E63FD2489E24C00A76C4A /* Project object */;
}
